// !$*UTF8*$!
{
	archiveVersion = 1;
	classes = {
	};
	objectVersion = 50;
	objects = {

/* Begin PBXBuildFile section */
		06C5EDA62186776000ABC53A /* AppDelegate.swift in Sources */ = {isa = PBXBuildFile; fileRef = 06C5EDA52186776000ABC53A /* AppDelegate.swift */; };
		06C5EDA82186776000ABC53A /* ViewController.swift in Sources */ = {isa = PBXBuildFile; fileRef = 06C5EDA72186776000ABC53A /* ViewController.swift */; };
		06C5EDAB2186776000ABC53A /* Main.storyboard in Resources */ = {isa = PBXBuildFile; fileRef = 06C5EDA92186776000ABC53A /* Main.storyboard */; };
		06C5EDAD2186776200ABC53A /* Assets.xcassets in Resources */ = {isa = PBXBuildFile; fileRef = 06C5EDAC2186776200ABC53A /* Assets.xcassets */; };
		06C5EDB02186776200ABC53A /* LaunchScreen.storyboard in Resources */ = {isa = PBXBuildFile; fileRef = 06C5EDAE2186776200ABC53A /* LaunchScreen.storyboard */; };
		06C5EDBB2186776200ABC53A /* iQuizTests.swift in Sources */ = {isa = PBXBuildFile; fileRef = 06C5EDBA2186776200ABC53A /* iQuizTests.swift */; };
		06C5EDC62186776200ABC53A /* iQuizUITests.swift in Sources */ = {isa = PBXBuildFile; fileRef = 06C5EDC52186776200ABC53A /* iQuizUITests.swift */; };
		06C5EDD62188F2B500ABC53A /* SubjectCell.swift in Sources */ = {isa = PBXBuildFile; fileRef = 06C5EDD52188F2B500ABC53A /* SubjectCell.swift */; };
		06C5EDD82188F9F900ABC53A /* sedan-car-front.png in Resources */ = {isa = PBXBuildFile; fileRef = 06C5EDD72188F9F900ABC53A /* sedan-car-front.png */; };
		06C5EDDC21890BBB00ABC53A /* console.png in Resources */ = {isa = PBXBuildFile; fileRef = 06C5EDDB21890BBA00ABC53A /* console.png */; };
		06C5EDDE21890DA700ABC53A /* footballplayer.png in Resources */ = {isa = PBXBuildFile; fileRef = 06C5EDDD21890DA700ABC53A /* footballplayer.png */; };
/* End PBXBuildFile section */

/* Begin PBXContainerItemProxy section */
		06C5EDB72186776200ABC53A /* PBXContainerItemProxy */ = {
			isa = PBXContainerItemProxy;
			containerPortal = 06C5ED9A2186776000ABC53A /* Project object */;
			proxyType = 1;
			remoteGlobalIDString = 06C5EDA12186776000ABC53A;
			remoteInfo = iQuiz;
		};
		06C5EDC22186776200ABC53A /* PBXContainerItemProxy */ = {
			isa = PBXContainerItemProxy;
			containerPortal = 06C5ED9A2186776000ABC53A /* Project object */;
			proxyType = 1;
			remoteGlobalIDString = 06C5EDA12186776000ABC53A;
			remoteInfo = iQuiz;
		};
/* End PBXContainerItemProxy section */

/* Begin PBXFileReference section */
		06C5EDA22186776000ABC53A /* iQuiz.app */ = {isa = PBXFileReference; explicitFileType = wrapper.application; includeInIndex = 0; path = iQuiz.app; sourceTree = BUILT_PRODUCTS_DIR; };
		06C5EDA52186776000ABC53A /* AppDelegate.swift */ = {isa = PBXFileReference; lastKnownFileType = sourcecode.swift; path = AppDelegate.swift; sourceTree = "<group>"; };
		06C5EDA72186776000ABC53A /* ViewController.swift */ = {isa = PBXFileReference; lastKnownFileType = sourcecode.swift; path = ViewController.swift; sourceTree = "<group>"; };
		06C5EDAA2186776000ABC53A /* Base */ = {isa = PBXFileReference; lastKnownFileType = file.storyboard; name = Base; path = Base.lproj/Main.storyboard; sourceTree = "<group>"; };
		06C5EDAC2186776200ABC53A /* Assets.xcassets */ = {isa = PBXFileReference; lastKnownFileType = folder.assetcatalog; path = Assets.xcassets; sourceTree = "<group>"; };
		06C5EDAF2186776200ABC53A /* Base */ = {isa = PBXFileReference; lastKnownFileType = file.storyboard; name = Base; path = Base.lproj/LaunchScreen.storyboard; sourceTree = "<group>"; };
		06C5EDB12186776200ABC53A /* Info.plist */ = {isa = PBXFileReference; lastKnownFileType = text.plist.xml; path = Info.plist; sourceTree = "<group>"; };
		06C5EDB62186776200ABC53A /* iQuizTests.xctest */ = {isa = PBXFileReference; explicitFileType = wrapper.cfbundle; includeInIndex = 0; path = iQuizTests.xctest; sourceTree = BUILT_PRODUCTS_DIR; };
		06C5EDBA2186776200ABC53A /* iQuizTests.swift */ = {isa = PBXFileReference; lastKnownFileType = sourcecode.swift; path = iQuizTests.swift; sourceTree = "<group>"; };
		06C5EDBC2186776200ABC53A /* Info.plist */ = {isa = PBXFileReference; lastKnownFileType = text.plist.xml; path = Info.plist; sourceTree = "<group>"; };
		06C5EDC12186776200ABC53A /* iQuizUITests.xctest */ = {isa = PBXFileReference; explicitFileType = wrapper.cfbundle; includeInIndex = 0; path = iQuizUITests.xctest; sourceTree = BUILT_PRODUCTS_DIR; };
		06C5EDC52186776200ABC53A /* iQuizUITests.swift */ = {isa = PBXFileReference; lastKnownFileType = sourcecode.swift; path = iQuizUITests.swift; sourceTree = "<group>"; };
		06C5EDC72186776200ABC53A /* Info.plist */ = {isa = PBXFileReference; lastKnownFileType = text.plist.xml; path = Info.plist; sourceTree = "<group>"; };
		06C5EDD52188F2B500ABC53A /* SubjectCell.swift */ = {isa = PBXFileReference; lastKnownFileType = sourcecode.swift; path = SubjectCell.swift; sourceTree = "<group>"; };
		06C5EDD72188F9F900ABC53A /* sedan-car-front.png */ = {isa = PBXFileReference; lastKnownFileType = image.png; name = "sedan-car-front.png"; path = "../../../../../Downloads/sedan-car-front.png"; sourceTree = "<group>"; };
		06C5EDDB21890BBA00ABC53A /* console.png */ = {isa = PBXFileReference; lastKnownFileType = image.png; name = console.png; path = ../../../../../Downloads/console.png; sourceTree = "<group>"; };
		06C5EDDD21890DA700ABC53A /* footballplayer.png */ = {isa = PBXFileReference; lastKnownFileType = image.png; name = footballplayer.png; path = ../../../../../Downloads/footballplayer.png; sourceTree = "<group>"; };
/* End PBXFileReference section */

/* Begin PBXFrameworksBuildPhase section */
		06C5ED9F2186776000ABC53A /* Frameworks */ = {
			isa = PBXFrameworksBuildPhase;
			buildActionMask = 2147483647;
			files = (
			);
			runOnlyForDeploymentPostprocessing = 0;
		};
		06C5EDB32186776200ABC53A /* Frameworks */ = {
			isa = PBXFrameworksBuildPhase;
			buildActionMask = 2147483647;
			files = (
			);
			runOnlyForDeploymentPostprocessing = 0;
		};
		06C5EDBE2186776200ABC53A /* Frameworks */ = {
			isa = PBXFrameworksBuildPhase;
			buildActionMask = 2147483647;
			files = (
			);
			runOnlyForDeploymentPostprocessing = 0;
		};
/* End PBXFrameworksBuildPhase section */

/* Begin PBXGroup section */
		06C5ED992186776000ABC53A = {
			isa = PBXGroup;
			children = (
				06C5EDA42186776000ABC53A /* iQuiz */,
				06C5EDB92186776200ABC53A /* iQuizTests */,
				06C5EDC42186776200ABC53A /* iQuizUITests */,
				06C5EDA32186776000ABC53A /* Products */,
			);
			sourceTree = "<group>";
		};
		06C5EDA32186776000ABC53A /* Products */ = {
			isa = PBXGroup;
			children = (
				06C5EDA22186776000ABC53A /* iQuiz.app */,
				06C5EDB62186776200ABC53A /* iQuizTests.xctest */,
				06C5EDC12186776200ABC53A /* iQuizUITests.xctest */,
			);
			name = Products;
			sourceTree = "<group>";
		};
		06C5EDA42186776000ABC53A /* iQuiz */ = {
			isa = PBXGroup;
			children = (
				06C5EDDD21890DA700ABC53A /* footballplayer.png */,
				06C5EDDB21890BBA00ABC53A /* console.png */,
				06C5EDD72188F9F900ABC53A /* sedan-car-front.png */,
				06C5EDA52186776000ABC53A /* AppDelegate.swift */,
				06C5EDA72186776000ABC53A /* ViewController.swift */,
				06C5EDA92186776000ABC53A /* Main.storyboard */,
				06C5EDD52188F2B500ABC53A /* SubjectCell.swift */,
				06C5EDAC2186776200ABC53A /* Assets.xcassets */,
				06C5EDAE2186776200ABC53A /* LaunchScreen.storyboard */,
				06C5EDB12186776200ABC53A /* Info.plist */,
			);
			path = iQuiz;
			sourceTree = "<group>";
		};
		06C5EDB92186776200ABC53A /* iQuizTests */ = {
			isa = PBXGroup;
			children = (
				06C5EDBA2186776200ABC53A /* iQuizTests.swift */,
				06C5EDBC2186776200ABC53A /* Info.plist */,
			);
			path = iQuizTests;
			sourceTree = "<group>";
		};
		06C5EDC42186776200ABC53A /* iQuizUITests */ = {
			isa = PBXGroup;
			children = (
				06C5EDC52186776200ABC53A /* iQuizUITests.swift */,
				06C5EDC72186776200ABC53A /* Info.plist */,
			);
			path = iQuizUITests;
			sourceTree = "<group>";
		};
/* End PBXGroup section */

/* Begin PBXNativeTarget section */
		06C5EDA12186776000ABC53A /* iQuiz */ = {
			isa = PBXNativeTarget;
			buildConfigurationList = 06C5EDCA2186776200ABC53A /* Build configuration list for PBXNativeTarget "iQuiz" */;
			buildPhases = (
				06C5ED9E2186776000ABC53A /* Sources */,
				06C5ED9F2186776000ABC53A /* Frameworks */,
				06C5EDA02186776000ABC53A /* Resources */,
			);
			buildRules = (
			);
			dependencies = (
			);
			name = iQuiz;
			productName = iQuiz;
			productReference = 06C5EDA22186776000ABC53A /* iQuiz.app */;
			productType = "com.apple.product-type.application";
		};
		06C5EDB52186776200ABC53A /* iQuizTests */ = {
			isa = PBXNativeTarget;
			buildConfigurationList = 06C5EDCD2186776200ABC53A /* Build configuration list for PBXNativeTarget "iQuizTests" */;
			buildPhases = (
				06C5EDB22186776200ABC53A /* Sources */,
				06C5EDB32186776200ABC53A /* Frameworks */,
				06C5EDB42186776200ABC53A /* Resources */,
			);
			buildRules = (
			);
			dependencies = (
				06C5EDB82186776200ABC53A /* PBXTargetDependency */,
			);
			name = iQuizTests;
			productName = iQuizTests;
			productReference = 06C5EDB62186776200ABC53A /* iQuizTests.xctest */;
			productType = "com.apple.product-type.bundle.unit-test";
		};
		06C5EDC02186776200ABC53A /* iQuizUITests */ = {
			isa = PBXNativeTarget;
			buildConfigurationList = 06C5EDD02186776200ABC53A /* Build configuration list for PBXNativeTarget "iQuizUITests" */;
			buildPhases = (
				06C5EDBD2186776200ABC53A /* Sources */,
				06C5EDBE2186776200ABC53A /* Frameworks */,
				06C5EDBF2186776200ABC53A /* Resources */,
			);
			buildRules = (
			);
			dependencies = (
				06C5EDC32186776200ABC53A /* PBXTargetDependency */,
			);
			name = iQuizUITests;
			productName = iQuizUITests;
			productReference = 06C5EDC12186776200ABC53A /* iQuizUITests.xctest */;
			productType = "com.apple.product-type.bundle.ui-testing";
		};
/* End PBXNativeTarget section */

/* Begin PBXProject section */
		06C5ED9A2186776000ABC53A /* Project object */ = {
			isa = PBXProject;
			attributes = {
				LastSwiftUpdateCheck = 1000;
				LastUpgradeCheck = 1000;
				ORGANIZATIONNAME = "Nathan Han";
				TargetAttributes = {
					06C5EDA12186776000ABC53A = {
						CreatedOnToolsVersion = 10.0;
					};
					06C5EDB52186776200ABC53A = {
						CreatedOnToolsVersion = 10.0;
						TestTargetID = 06C5EDA12186776000ABC53A;
					};
					06C5EDC02186776200ABC53A = {
						CreatedOnToolsVersion = 10.0;
						TestTargetID = 06C5EDA12186776000ABC53A;
					};
				};
			};
			buildConfigurationList = 06C5ED9D2186776000ABC53A /* Build configuration list for PBXProject "iQuiz" */;
			compatibilityVersion = "Xcode 9.3";
			developmentRegion = en;
			hasScannedForEncodings = 0;
			knownRegions = (
				en,
				Base,
			);
			mainGroup = 06C5ED992186776000ABC53A;
			productRefGroup = 06C5EDA32186776000ABC53A /* Products */;
			projectDirPath = "";
			projectRoot = "";
			targets = (
				06C5EDA12186776000ABC53A /* iQuiz */,
				06C5EDB52186776200ABC53A /* iQuizTests */,
				06C5EDC02186776200ABC53A /* iQuizUITests */,
			);
		};
/* End PBXProject section */

/* Begin PBXResourcesBuildPhase section */
		06C5EDA02186776000ABC53A /* Resources */ = {
			isa = PBXResourcesBuildPhase;
			buildActionMask = 2147483647;
			files = (
				06C5EDB02186776200ABC53A /* LaunchScreen.storyboard in Resources */,
				06C5EDDE21890DA700ABC53A /* footballplayer.png in Resources */,
				06C5EDAD2186776200ABC53A /* Assets.xcassets in Resources */,
				06C5EDD82188F9F900ABC53A /* sedan-car-front.png in Resources */,
				06C5EDDC21890BBB00ABC53A /* console.png in Resources */,
				06C5EDAB2186776000ABC53A /* Main.storyboard in Resources */,
			);
			runOnlyForDeploymentPostprocessing = 0;
		};
		06C5EDB42186776200ABC53A /* Resources */ = {
			isa = PBXResourcesBuildPhase;
			buildActionMask = 2147483647;
			files = (
			);
			runOnlyForDeploymentPostprocessing = 0;
		};
		06C5EDBF2186776200ABC53A /* Resources */ = {
			isa = PBXResourcesBuildPhase;
			buildActionMask = 2147483647;
			files = (
			);
			runOnlyForDeploymentPostprocessing = 0;
		};
/* End PBXResourcesBuildPhase section */

/* Begin PBXSourcesBuildPhase section */
		06C5ED9E2186776000ABC53A /* Sources */ = {
			isa = PBXSourcesBuildPhase;
			buildActionMask = 2147483647;
			files = (
				06C5EDD62188F2B500ABC53A /* SubjectCell.swift in Sources */,
				06C5EDA82186776000ABC53A /* ViewController.swift in Sources */,
				06C5EDA62186776000ABC53A /* AppDelegate.swift in Sources */,
			);
			runOnlyForDeploymentPostprocessing = 0;
		};
		06C5EDB22186776200ABC53A /* Sources */ = {
			isa = PBXSourcesBuildPhase;
			buildActionMask = 2147483647;
			files = (
				06C5EDBB2186776200ABC53A /* iQuizTests.swift in Sources */,
			);
			runOnlyForDeploymentPostprocessing = 0;
		};
		06C5EDBD2186776200ABC53A /* Sources */ = {
			isa = PBXSourcesBuildPhase;
			buildActionMask = 2147483647;
			files = (
				06C5EDC62186776200ABC53A /* iQuizUITests.swift in Sources */,
			);
			runOnlyForDeploymentPostprocessing = 0;
		};
/* End PBXSourcesBuildPhase section */

/* Begin PBXTargetDependency section */
		06C5EDB82186776200ABC53A /* PBXTargetDependency */ = {
			isa = PBXTargetDependency;
			target = 06C5EDA12186776000ABC53A /* iQuiz */;
			targetProxy = 06C5EDB72186776200ABC53A /* PBXContainerItemProxy */;
		};
		06C5EDC32186776200ABC53A /* PBXTargetDependency */ = {
			isa = PBXTargetDependency;
			target = 06C5EDA12186776000ABC53A /* iQuiz */;
			targetProxy = 06C5EDC22186776200ABC53A /* PBXContainerItemProxy */;
		};
/* End PBXTargetDependency section */

/* Begin PBXVariantGroup section */
		06C5EDA92186776000ABC53A /* Main.storyboard */ = {
			isa = PBXVariantGroup;
			children = (
				06C5EDAA2186776000ABC53A /* Base */,
			);
			name = Main.storyboard;
			sourceTree = "<group>";
		};
		06C5EDAE2186776200ABC53A /* LaunchScreen.storyboard */ = {
			isa = PBXVariantGroup;
			children = (
				06C5EDAF2186776200ABC53A /* Base */,
			);
			name = LaunchScreen.storyboard;
			sourceTree = "<group>";
		};
/* End PBXVariantGroup section */

/* Begin XCBuildConfiguration section */
		06C5EDC82186776200ABC53A /* Debug */ = {
			isa = XCBuildConfiguration;
			buildSettings = {
				ALWAYS_SEARCH_USER_PATHS = NO;
				CLANG_ANALYZER_NONNULL = YES;
				CLANG_ANALYZER_NUMBER_OBJECT_CONVERSION = YES_AGGRESSIVE;
				CLANG_CXX_LANGUAGE_STANDARD = "gnu++14";
				CLANG_CXX_LIBRARY = "libc++";
				CLANG_ENABLE_MODULES = YES;
				CLANG_ENABLE_OBJC_ARC = YES;
				CLANG_ENABLE_OBJC_WEAK = YES;
				CLANG_WARN_BLOCK_CAPTURE_AUTORELEASING = YES;
				CLANG_WARN_BOOL_CONVERSION = YES;
				CLANG_WARN_COMMA = YES;
				CLANG_WARN_CONSTANT_CONVERSION = YES;
				CLANG_WARN_DEPRECATED_OBJC_IMPLEMENTATIONS = YES;
				CLANG_WARN_DIRECT_OBJC_ISA_USAGE = YES_ERROR;
				CLANG_WARN_DOCUMENTATION_COMMENTS = YES;
				CLANG_WARN_EMPTY_BODY = YES;
				CLANG_WARN_ENUM_CONVERSION = YES;
				CLANG_WARN_INFINITE_RECURSION = YES;
				CLANG_WARN_INT_CONVERSION = YES;
				CLANG_WARN_NON_LITERAL_NULL_CONVERSION = YES;
				CLANG_WARN_OBJC_IMPLICIT_RETAIN_SELF = YES;
				CLANG_WARN_OBJC_LITERAL_CONVERSION = YES;
				CLANG_WARN_OBJC_ROOT_CLASS = YES_ERROR;
				CLANG_WARN_RANGE_LOOP_ANALYSIS = YES;
				CLANG_WARN_STRICT_PROTOTYPES = YES;
				CLANG_WARN_SUSPICIOUS_MOVE = YES;
				CLANG_WARN_UNGUARDED_AVAILABILITY = YES_AGGRESSIVE;
				CLANG_WARN_UNREACHABLE_CODE = YES;
				CLANG_WARN__DUPLICATE_METHOD_MATCH = YES;
				CODE_SIGN_IDENTITY = "iPhone Developer";
				COPY_PHASE_STRIP = NO;
				DEBUG_INFORMATION_FORMAT = dwarf;
				ENABLE_STRICT_OBJC_MSGSEND = YES;
				ENABLE_TESTABILITY = YES;
				GCC_C_LANGUAGE_STANDARD = gnu11;
				GCC_DYNAMIC_NO_PIC = NO;
				GCC_NO_COMMON_BLOCKS = YES;
				GCC_OPTIMIZATION_LEVEL = 0;
				GCC_PREPROCESSOR_DEFINITIONS = (
					"DEBUG=1",
					"$(inherited)",
				);
				GCC_WARN_64_TO_32_BIT_CONVERSION = YES;
				GCC_WARN_ABOUT_RETURN_TYPE = YES_ERROR;
				GCC_WARN_UNDECLARED_SELECTOR = YES;
				GCC_WARN_UNINITIALIZED_AUTOS = YES_AGGRESSIVE;
				GCC_WARN_UNUSED_FUNCTION = YES;
				GCC_WARN_UNUSED_VARIABLE = YES;
				IPHONEOS_DEPLOYMENT_TARGET = 12.0;
				MTL_ENABLE_DEBUG_INFO = INCLUDE_SOURCE;
				MTL_FAST_MATH = YES;
				ONLY_ACTIVE_ARCH = YES;
				SDKROOT = iphoneos;
				SWIFT_ACTIVE_COMPILATION_CONDITIONS = DEBUG;
				SWIFT_OPTIMIZATION_LEVEL = "-Onone";
			};
			name = Debug;
		};
		06C5EDC92186776200ABC53A /* Release */ = {
			isa = XCBuildConfiguration;
			buildSettings = {
				ALWAYS_SEARCH_USER_PATHS = NO;
				CLANG_ANALYZER_NONNULL = YES;
				CLANG_ANALYZER_NUMBER_OBJECT_CONVERSION = YES_AGGRESSIVE;
				CLANG_CXX_LANGUAGE_STANDARD = "gnu++14";
				CLANG_CXX_LIBRARY = "libc++";
				CLANG_ENABLE_MODULES = YES;
				CLANG_ENABLE_OBJC_ARC = YES;
				CLANG_ENABLE_OBJC_WEAK = YES;
				CLANG_WARN_BLOCK_CAPTURE_AUTORELEASING = YES;
				CLANG_WARN_BOOL_CONVERSION = YES;
				CLANG_WARN_COMMA = YES;
				CLANG_WARN_CONSTANT_CONVERSION = YES;
				CLANG_WARN_DEPRECATED_OBJC_IMPLEMENTATIONS = YES;
				CLANG_WARN_DIRECT_OBJC_ISA_USAGE = YES_ERROR;
				CLANG_WARN_DOCUMENTATION_COMMENTS = YES;
				CLANG_WARN_EMPTY_BODY = YES;
				CLANG_WARN_ENUM_CONVERSION = YES;
				CLANG_WARN_INFINITE_RECURSION = YES;
				CLANG_WARN_INT_CONVERSION = YES;
				CLANG_WARN_NON_LITERAL_NULL_CONVERSION = YES;
				CLANG_WARN_OBJC_IMPLICIT_RETAIN_SELF = YES;
				CLANG_WARN_OBJC_LITERAL_CONVERSION = YES;
				CLANG_WARN_OBJC_ROOT_CLASS = YES_ERROR;
				CLANG_WARN_RANGE_LOOP_ANALYSIS = YES;
				CLANG_WARN_STRICT_PROTOTYPES = YES;
				CLANG_WARN_SUSPICIOUS_MOVE = YES;
				CLANG_WARN_UNGUARDED_AVAILABILITY = YES_AGGRESSIVE;
				CLANG_WARN_UNREACHABLE_CODE = YES;
				CLANG_WARN__DUPLICATE_METHOD_MATCH = YES;
				CODE_SIGN_IDENTITY = "iPhone Developer";
				COPY_PHASE_STRIP = NO;
				DEBUG_INFORMATION_FORMAT = "dwarf-with-dsym";
				ENABLE_NS_ASSERTIONS = NO;
				ENABLE_STRICT_OBJC_MSGSEND = YES;
				GCC_C_LANGUAGE_STANDARD = gnu11;
				GCC_NO_COMMON_BLOCKS = YES;
				GCC_WARN_64_TO_32_BIT_CONVERSION = YES;
				GCC_WARN_ABOUT_RETURN_TYPE = YES_ERROR;
				GCC_WARN_UNDECLARED_SELECTOR = YES;
				GCC_WARN_UNINITIALIZED_AUTOS = YES_AGGRESSIVE;
				GCC_WARN_UNUSED_FUNCTION = YES;
				GCC_WARN_UNUSED_VARIABLE = YES;
				IPHONEOS_DEPLOYMENT_TARGET = 12.0;
				MTL_ENABLE_DEBUG_INFO = NO;
				MTL_FAST_MATH = YES;
				SDKROOT = iphoneos;
				SWIFT_COMPILATION_MODE = wholemodule;
				SWIFT_OPTIMIZATION_LEVEL = "-O";
				VALIDATE_PRODUCT = YES;
			};
			name = Release;
		};
		06C5EDCB2186776200ABC53A /* Debug */ = {
			isa = XCBuildConfiguration;
			buildSettings = {
				ASSETCATALOG_COMPILER_APPICON_NAME = AppIcon;
				CODE_SIGN_STYLE = Automatic;
				DEVELOPMENT_TEAM = BFC56MD929;
				INFOPLIST_FILE = iQuiz/Info.plist;
				LD_RUNPATH_SEARCH_PATHS = (
					"$(inherited)",
					"@executable_path/Frameworks",
				);
				PRODUCT_BUNDLE_IDENTIFIER = NathanHan.iQuiz;
				PRODUCT_NAME = "$(TARGET_NAME)";
				SWIFT_VERSION = 4.2;
				TARGETED_DEVICE_FAMILY = "1,2";
			};
			name = Debug;
		};
		06C5EDCC2186776200ABC53A /* Release */ = {
			isa = XCBuildConfiguration;
			buildSettings = {
				ASSETCATALOG_COMPILER_APPICON_NAME = AppIcon;
				CODE_SIGN_STYLE = Automatic;
				DEVELOPMENT_TEAM = BFC56MD929;
				INFOPLIST_FILE = iQuiz/Info.plist;
				LD_RUNPATH_SEARCH_PATHS = (
					"$(inherited)",
					"@executable_path/Frameworks",
				);
				PRODUCT_BUNDLE_IDENTIFIER = NathanHan.iQuiz;
				PRODUCT_NAME = "$(TARGET_NAME)";
				SWIFT_VERSION = 4.2;
				TARGETED_DEVICE_FAMILY = "1,2";
			};
			name = Release;
		};
		06C5EDCE2186776200ABC53A /* Debug */ = {
			isa = XCBuildConfiguration;
			buildSettings = {
				ALWAYS_EMBED_SWIFT_STANDARD_LIBRARIES = YES;
				BUNDLE_LOADER = "$(TEST_HOST)";
				CODE_SIGN_STYLE = Automatic;
				DEVELOPMENT_TEAM = BFC56MD929;
				INFOPLIST_FILE = iQuizTests/Info.plist;
				LD_RUNPATH_SEARCH_PATHS = (
					"$(inherited)",
					"@executable_path/Frameworks",
					"@loader_path/Frameworks",
				);
				PRODUCT_BUNDLE_IDENTIFIER = NathanHan.iQuizTests;
				PRODUCT_NAME = "$(TARGET_NAME)";
				SWIFT_VERSION = 4.2;
				TARGETED_DEVICE_FAMILY = "1,2";
				TEST_HOST = "$(BUILT_PRODUCTS_DIR)/iQuiz.app/iQuiz";
			};
			name = Debug;
		};
		06C5EDCF2186776200ABC53A /* Release */ = {
			isa = XCBuildConfiguration;
			buildSettings = {
				ALWAYS_EMBED_SWIFT_STANDARD_LIBRARIES = YES;
				BUNDLE_LOADER = "$(TEST_HOST)";
				CODE_SIGN_STYLE = Automatic;
				DEVELOPMENT_TEAM = BFC56MD929;
				INFOPLIST_FILE = iQuizTests/Info.plist;
				LD_RUNPATH_SEARCH_PATHS = (
					"$(inherited)",
					"@executable_path/Frameworks",
					"@loader_path/Frameworks",
				);
				PRODUCT_BUNDLE_IDENTIFIER = NathanHan.iQuizTests;
				PRODUCT_NAME = "$(TARGET_NAME)";
				SWIFT_VERSION = 4.2;
				TARGETED_DEVICE_FAMILY = "1,2";
				TEST_HOST = "$(BUILT_PRODUCTS_DIR)/iQuiz.app/iQuiz";
			};
			name = Release;
		};
		06C5EDD12186776200ABC53A /* Debug */ = {
			isa = XCBuildConfiguration;
			buildSettings = {
				ALWAYS_EMBED_SWIFT_STANDARD_LIBRARIES = YES;
				CODE_SIGN_STYLE = Automatic;
				DEVELOPMENT_TEAM = BFC56MD929;
				INFOPLIST_FILE = iQuizUITests/Info.plist;
				LD_RUNPATH_SEARCH_PATHS = (
					"$(inherited)",
					"@executable_path/Frameworks",
					"@loader_path/Frameworks",
				);
				PRODUCT_BUNDLE_IDENTIFIER = NathanHan.iQuizUITests;
				PRODUCT_NAME = "$(TARGET_NAME)";
				SWIFT_VERSION = 4.2;
				TARGETED_DEVICE_FAMILY = "1,2";
				TEST_TARGET_NAME = iQuiz;
			};
			name = Debug;
		};
		06C5EDD22186776200ABC53A /* Release */ = {
			isa = XCBuildConfiguration;
			buildSettings = {
				ALWAYS_EMBED_SWIFT_STANDARD_LIBRARIES = YES;
				CODE_SIGN_STYLE = Automatic;
				DEVELOPMENT_TEAM = BFC56MD929;
				INFOPLIST_FILE = iQuizUITests/Info.plist;
				LD_RUNPATH_SEARCH_PATHS = (
					"$(inherited)",
					"@executable_path/Frameworks",
					"@loader_path/Frameworks",
				);
				PRODUCT_BUNDLE_IDENTIFIER = NathanHan.iQuizUITests;
				PRODUCT_NAME = "$(TARGET_NAME)";
				SWIFT_VERSION = 4.2;
				TARGETED_DEVICE_FAMILY = "1,2";
				TEST_TARGET_NAME = iQuiz;
			};
			name = Release;
		};
/* End XCBuildConfiguration section */

/* Begin XCConfigurationList section */
		06C5ED9D2186776000ABC53A /* Build configuration list for PBXProject "iQuiz" */ = {
			isa = XCConfigurationList;
			buildConfigurations = (
				06C5EDC82186776200ABC53A /* Debug */,
				06C5EDC92186776200ABC53A /* Release */,
			);
			defaultConfigurationIsVisible = 0;
			defaultConfigurationName = Release;
		};
		06C5EDCA2186776200ABC53A /* Build configuration list for PBXNativeTarget "iQuiz" */ = {
			isa = XCConfigurationList;
			buildConfigurations = (
				06C5EDCB2186776200ABC53A /* Debug */,
				06C5EDCC2186776200ABC53A /* Release */,
			);
			defaultConfigurationIsVisible = 0;
			defaultConfigurationName = Release;
		};
		06C5EDCD2186776200ABC53A /* Build configuration list for PBXNativeTarget "iQuizTests" */ = {
			isa = XCConfigurationList;
			buildConfigurations = (
				06C5EDCE2186776200ABC53A /* Debug */,
				06C5EDCF2186776200ABC53A /* Release */,
			);
			defaultConfigurationIsVisible = 0;
			defaultConfigurationName = Release;
		};
		06C5EDD02186776200ABC53A /* Build configuration list for PBXNativeTarget "iQuizUITests" */ = {
			isa = XCConfigurationList;
			buildConfigurations = (
				06C5EDD12186776200ABC53A /* Debug */,
				06C5EDD22186776200ABC53A /* Release */,
			);
			defaultConfigurationIsVisible = 0;
			defaultConfigurationName = Release;
		};
/* End XCConfigurationList section */
	};
	rootObject = 06C5ED9A2186776000ABC53A /* Project object */;
}
